
Microsoft Visual Studio Solution File, Format Version 12.00
# Visual Studio Version 16
VisualStudioVersion = 16.0.31624.102
MinimumVisualStudioVersion = 10.0.40219.1
Project("{8BC9CEB8-8B4A-11D0-8D11-00A0C91BC942}") = "matrix_mult", "matrix_mult\matrix_mult.vcxproj", "{F54752DC-62B7-4C2A-960A-BA73A4B2946F}"
EndProject
Global
	GlobalSection(SolutionConfigurationPlatforms) = preSolution
		Debug|x64 = Debug|x64
		Debug|x86 = Debug|x86
		Release|x64 = Release|x64
		Release|x86 = Release|x86
	EndGlobalSection
	GlobalSection(ProjectConfigurationPlatforms) = postSolution
		{F54752DC-62B7-4C2A-960A-BA73A4B2946F}.Debug|x64.ActiveCfg = Debug|x64
		{F54752DC-62B7-4C2A-960A-BA73A4B2946F}.Debug|x64.Build.0 = Debug|x64
		{F54752DC-62B7-4C2A-960A-BA73A4B2946F}.Debug|x86.ActiveCfg = Debug|Win32
		{F54752DC-62B7-4C2A-960A-BA73A4B2946F}.Debug|x86.Build.0 = Debug|Win32
		{F54752DC-62B7-4C2A-960A-BA73A4B2946F}.Release|x64.ActiveCfg = Release|x64
		{F54752DC-62B7-4C2A-960A-BA73A4B2946F}.Release|x64.Build.0 = Release|x64
		{F54752DC-62B7-4C2A-960A-BA73A4B2946F}.Release|x86.ActiveCfg = Release|Win32
		{F54752DC-62B7-4C2A-960A-BA73A4B2946F}.Release|x86.Build.0 = Release|Win32
	EndGlobalSection
	GlobalSection(SolutionProperties) = preSolution
		HideSolutionNode = FALSE
	EndGlobalSection
	GlobalSection(ExtensibilityGlobals) = postSolution
		SolutionGuid = {94376331-5C68-4950-975D-12D946173396}
	EndGlobalSection
EndGlobal
